
Microsoft Visual Studio Solution File, Format Version 12.00
# Visual Studio Version 16
VisualStudioVersion = 16.0.33927.289
MinimumVisualStudioVersion = 10.0.40219.1
Project("{FAE04EC0-301F-11D3-BF4B-00C04F79EFBC}") = "TODOList", "TODOList.csproj", "{B7CA8A48-5CA9-4C39-B764-01F991A09200}"
EndProject
Global
	GlobalSection(SolutionConfigurationPlatforms) = preSolution
		Debug|Any CPU = Debug|Any CPU
		Release|Any CPU = Release|Any CPU
	EndGlobalSection
	GlobalSection(ProjectConfigurationPlatforms) = postSolution
		{B7CA8A48-5CA9-4C39-B764-01F991A09200}.Debug|Any CPU.ActiveCfg = Debug|Any CPU
		{B7CA8A48-5CA9-4C39-B764-01F991A09200}.Debug|Any CPU.Build.0 = Debug|Any CPU
		{B7CA8A48-5CA9-4C39-B764-01F991A09200}.Release|Any CPU.ActiveCfg = Release|Any CPU
		{B7CA8A48-5CA9-4C39-B764-01F991A09200}.Release|Any CPU.Build.0 = Release|Any CPU
	EndGlobalSection
	GlobalSection(SolutionProperties) = preSolution
		HideSolutionNode = FALSE
	EndGlobalSection
	GlobalSection(ExtensibilityGlobals) = postSolution
		SolutionGuid = {2BCE847C-F121-48D1-8EE3-19386E9E8DF5}
	EndGlobalSection
EndGlobal
